
Microsoft Visual Studio Solution File, Format Version 12.00
# Visual Studio Version 18
VisualStudioVersion = 18.0.11012.119 d18.0
MinimumVisualStudioVersion = 10.0.40219.1
Project("{FAE04EC0-301F-11D3-BF4B-00C04F79EFBC}") = "OgImages", "OgImages\OgImages.csproj", "{1CEF8154-F215-45A0-B55E-BABCBB016262}"
EndProject
Project("{2150E333-8FDC-42A3-9474-1A3956D46DE8}") = "Stuff", "Stuff", "{5812290F-AF04-4F03-84F9-D3FD5A544477}"
	ProjectSection(SolutionItems) = preProject
		build.ps1 = build.ps1
		..\og-images.json = ..\og-images.json
	EndProjectSection
EndProject
Project("{2150E333-8FDC-42A3-9474-1A3956D46DE8}") = "Solution Items", "Solution Items", "{BDF392C7-43B7-4923-89CB-2170A311C00D}"
	ProjectSection(SolutionItems) = preProject
		.editorconfig = .editorconfig
		..\.github\workflows\merge-main.yaml = ..\.github\workflows\merge-main.yaml
	EndProjectSection
EndProject
Global
	GlobalSection(SolutionConfigurationPlatforms) = preSolution
		Debug|Any CPU = Debug|Any CPU
		Release|Any CPU = Release|Any CPU
	EndGlobalSection
	GlobalSection(ProjectConfigurationPlatforms) = postSolution
		{1CEF8154-F215-45A0-B55E-BABCBB016262}.Debug|Any CPU.ActiveCfg = Debug|Any CPU
		{1CEF8154-F215-45A0-B55E-BABCBB016262}.Debug|Any CPU.Build.0 = Debug|Any CPU
		{1CEF8154-F215-45A0-B55E-BABCBB016262}.Release|Any CPU.ActiveCfg = Release|Any CPU
		{1CEF8154-F215-45A0-B55E-BABCBB016262}.Release|Any CPU.Build.0 = Release|Any CPU
	EndGlobalSection
	GlobalSection(SolutionProperties) = preSolution
		HideSolutionNode = FALSE
	EndGlobalSection
	GlobalSection(ExtensibilityGlobals) = postSolution
		SolutionGuid = {1279B993-694D-490B-9535-4BFB03DF8B99}
	EndGlobalSection
EndGlobal
